
Microsoft Visual Studio Solution File, Format Version 12.00
# Visual Studio Version 17
VisualStudioVersion = 17.14.36310.24 d17.14
MinimumVisualStudioVersion = 10.0.40219.1
Project("{8BC9CEB8-8B4A-11D0-8D11-00A0C91BC942}") = "SomeGame", "SomeGame\SomeGame.vcxproj", "{53CA9726-61E1-4A0B-93E1-45A558320FA7}"
EndProject
Global
	GlobalSection(SolutionConfigurationPlatforms) = preSolution
		Debug|x64 = Debug|x64
		Debug|x86 = Debug|x86
		Release|x64 = Release|x64
		Release|x86 = Release|x86
	EndGlobalSection
	GlobalSection(ProjectConfigurationPlatforms) = postSolution
		{53CA9726-61E1-4A0B-93E1-45A558320FA7}.Debug|x64.ActiveCfg = Debug|x64
		{53CA9726-61E1-4A0B-93E1-45A558320FA7}.Debug|x64.Build.0 = Debug|x64
		{53CA9726-61E1-4A0B-93E1-45A558320FA7}.Debug|x86.ActiveCfg = Debug|Win32
		{53CA9726-61E1-4A0B-93E1-45A558320FA7}.Debug|x86.Build.0 = Debug|Win32
		{53CA9726-61E1-4A0B-93E1-45A558320FA7}.Release|x64.ActiveCfg = Release|x64
		{53CA9726-61E1-4A0B-93E1-45A558320FA7}.Release|x64.Build.0 = Release|x64
		{53CA9726-61E1-4A0B-93E1-45A558320FA7}.Release|x86.ActiveCfg = Release|Win32
		{53CA9726-61E1-4A0B-93E1-45A558320FA7}.Release|x86.Build.0 = Release|Win32
	EndGlobalSection
	GlobalSection(SolutionProperties) = preSolution
		HideSolutionNode = FALSE
	EndGlobalSection
	GlobalSection(ExtensibilityGlobals) = postSolution
		SolutionGuid = {C35CAFEB-13B7-4AFB-89B8-51DDEB549AC8}
	EndGlobalSection
EndGlobal
